
Microsoft Visual Studio Solution File, Format Version 12.00
# Visual Studio Version 17
VisualStudioVersion = 17.3.32901.215
MinimumVisualStudioVersion = 10.0.40219.1
Project("{FAE04EC0-301F-11D3-BF4B-00C04F79EFBC}") = "lib_7", "lib_7\lib_7.csproj", "{A16B6AA7-4BCD-40BF-9FD3-918AFAD66524}"
EndProject
Project("{FAE04EC0-301F-11D3-BF4B-00C04F79EFBC}") = "Pr6v7", "Pr6v7\Pr6v7.csproj", "{1D361F2A-83D0-45C6-9D0A-8F957E5096CF}"
EndProject
Global
	GlobalSection(SolutionConfigurationPlatforms) = preSolution
		Debug|Any CPU = Debug|Any CPU
		Release|Any CPU = Release|Any CPU
	EndGlobalSection
	GlobalSection(ProjectConfigurationPlatforms) = postSolution
		{A16B6AA7-4BCD-40BF-9FD3-918AFAD66524}.Debug|Any CPU.ActiveCfg = Debug|Any CPU
		{A16B6AA7-4BCD-40BF-9FD3-918AFAD66524}.Debug|Any CPU.Build.0 = Debug|Any CPU
		{A16B6AA7-4BCD-40BF-9FD3-918AFAD66524}.Release|Any CPU.ActiveCfg = Release|Any CPU
		{A16B6AA7-4BCD-40BF-9FD3-918AFAD66524}.Release|Any CPU.Build.0 = Release|Any CPU
		{1D361F2A-83D0-45C6-9D0A-8F957E5096CF}.Debug|Any CPU.ActiveCfg = Debug|Any CPU
		{1D361F2A-83D0-45C6-9D0A-8F957E5096CF}.Debug|Any CPU.Build.0 = Debug|Any CPU
		{1D361F2A-83D0-45C6-9D0A-8F957E5096CF}.Release|Any CPU.ActiveCfg = Release|Any CPU
		{1D361F2A-83D0-45C6-9D0A-8F957E5096CF}.Release|Any CPU.Build.0 = Release|Any CPU
	EndGlobalSection
	GlobalSection(SolutionProperties) = preSolution
		HideSolutionNode = FALSE
	EndGlobalSection
	GlobalSection(ExtensibilityGlobals) = postSolution
		SolutionGuid = {BD4055AC-1AD6-4449-BDD4-877FA508C27C}
	EndGlobalSection
EndGlobal
